{
  "name": "node-multi-hop-repaired-rhinostone-swig-template-root",
  "version": "1.0.0",
  "lockfileVersion": 3,
  "requires": true,
  "packages": {
    "": {
      "name": "node-multi-hop-repaired-rhinostone-swig-template-root",
      "version": "1.0.0",
      "dependencies": {
        "@rhinostone/swig": "2.7.2"
      }
    },
    "node_modules/@rhinostone/swig": {
      "version": "2.7.2",
      "resolved": "https://registry.npmjs.org/@rhinostone/swig/-/swig-2.7.2.tgz",
      "integrity": "sha512-Gr9iZCodOtCodxj0Mv/dOpxhvfoN3+9+pPvj/WEHe3H9wFNyKiBN8w5B8ZbCvJiDdkj7Sek3f978tplyprLIsQ==",
      "license": "MIT",
      "workspaces": [
        "packages/*"
      ],
      "dependencies": {
        "@rhinostone/swig-core": "2.7.2"
      },
      "bin": {
        "swig": "bin/swig.js"
      },
      "engines": {
        "node": ">=12"
      }
    },
    "node_modules/@rhinostone/swig-core": {
      "version": "2.7.2",
      "resolved": "https://registry.npmjs.org/@rhinostone/swig-core/-/swig-core-2.7.2.tgz",
      "integrity": "sha512-g1ic3TjLv0oetFGteuc2Ybxk2gED6rViqShiZg7C271LzcxY8hTA/pu3W0i0mTWZR1P4TcCpxf/A1hdiBlR0pw==",
      "license": "MIT",
      "engines": {
        "node": ">=12"
      }
    }
  }
}
