{
  "name": "copilot-security-benchmark-node-logtape-syslog",
  "lockfileVersion": 3,
  "requires": true,
  "packages": {
    "": {
      "name": "copilot-security-benchmark-node-logtape-syslog",
      "dependencies": {
        "@logtape/logtape": "2.1.5",
        "@logtape/syslog": "2.1.4"
      }
    },
    "node_modules/@logtape/logtape": {
      "version": "2.1.5",
      "resolved": "https://registry.npmjs.org/@logtape/logtape/-/logtape-2.1.5.tgz",
      "integrity": "sha512-59fyskQ9hR5mYQP9YMznZDtwRS4gIN7VIJkoRe0SLTmU+BQGaSP1s+ve8r+Binj1m6jNpwlF7yu9fz2/asSFLw==",
      "funding": [
        "https://github.com/sponsors/dahlia"
      ],
      "license": "MIT"
    },
    "node_modules/@logtape/syslog": {
      "version": "2.1.4",
      "resolved": "https://registry.npmjs.org/@logtape/syslog/-/syslog-2.1.4.tgz",
      "integrity": "sha512-nS0WRyOCanpI62smnC6jaWWf66lppkirnY7s/Gle0BU3i0aztvAIYD/DpXMbz6KqVEipZfVN8YPH7YrcT927Lg==",
      "funding": [
        "https://github.com/sponsors/dahlia"
      ],
      "license": "MIT",
      "peerDependencies": {
        "@logtape/logtape": "^2.1.4"
      }
    }
  }
}
