{
  "name": "node-undici-socks5-cross-origin-routing",
  "lockfileVersion": 3,
  "requires": true,
  "packages": {
    "": {
      "name": "node-undici-socks5-cross-origin-routing",
      "dependencies": {
        "undici": "7.27.2"
      }
    },
    "node_modules/undici": {
      "version": "7.27.2",
      "resolved": "https://registry.npmjs.org/undici/-/undici-7.27.2.tgz",
      "integrity": "sha512-uZsKNuzQxDMUY6M3pIMvy5tvlGmtq8XJ2oLAkfRKGNu+1VQAIvLy2xIVG5ATZl5wDXl/tddByAWCizRbOme+TA==",
      "license": "MIT",
      "engines": {
        "node": ">=20.18.1"
      }
    }
  }
}
