{
  "name": "copilot-security-benchmark-node-suneditor-embed-xss",
  "lockfileVersion": 3,
  "requires": true,
  "packages": {
    "": {
      "name": "copilot-security-benchmark-node-suneditor-embed-xss",
      "dependencies": {
        "suneditor": "3.1.4"
      }
    },
    "node_modules/suneditor": {
      "version": "3.1.4",
      "resolved": "https://registry.npmjs.org/suneditor/-/suneditor-3.1.4.tgz",
      "integrity": "sha512-gHI1+Qz+P/qkAlgCpKB5sj+Wis2ZKnNWXdvVmq5cDHe2ACNYCR5A7qCacbqG0L77HnLe3cgBnmc73+Mbq9SBxw==",
      "license": "MIT",
      "engines": {
        "node": ">=14.0.0"
      }
    }
  }
}
