{
  "name": "copilot-security-benchmark-node-pickem-terminal-control-isolated",
  "lockfileVersion": 3,
  "requires": true,
  "packages": {
    "": {
      "name": "copilot-security-benchmark-node-pickem-terminal-control-isolated",
      "dependencies": {
        "pickem": "1.0.7"
      }
    },
    "node_modules/pickem": {
      "version": "1.0.7",
      "resolved": "https://registry.npmjs.org/pickem/-/pickem-1.0.7.tgz",
      "integrity": "sha512-UMFdP9LlaFAQDFD8IbKwbOKM3NtYxacybkUEtO37p1fZROjpP71M42KEOjE3tLUQeIlvlmmkKmaULa4kzYd5jA==",
      "license": "MIT",
      "engines": {
        "node": ">=18"
      }
    }
  }
}
