{
  "name": "node-multi-hop-repaired-liquidjs-template",
  "version": "1.0.0",
  "lockfileVersion": 3,
  "requires": true,
  "packages": {
    "": {
      "name": "node-multi-hop-repaired-liquidjs-template",
      "version": "1.0.0",
      "dependencies": {
        "liquidjs": "10.26.0"
      }
    },
    "node_modules/commander": {
      "version": "10.0.1",
      "resolved": "https://registry.npmjs.org/commander/-/commander-10.0.1.tgz",
      "integrity": "sha512-y4Mg2tXshplEbSGzx7amzPwKKOCGuoSRP/CjEdwwk0FOGlUbq6lKuoyDZTNZkmxHdJtp54hdfY/JUrdL7Xfdug==",
      "license": "MIT",
      "engines": {
        "node": ">=14"
      }
    },
    "node_modules/liquidjs": {
      "version": "10.26.0",
      "resolved": "https://registry.npmjs.org/liquidjs/-/liquidjs-10.26.0.tgz",
      "integrity": "sha512-Ub9FFNOLB9tdH/gB2MKkeU7x9NifoVidxAam6YWU7LUcy7Glumi6q5C3tDpWOEpeNaT8Cdwdb1axEdlvLSoyaQ==",
      "license": "MIT",
      "dependencies": {
        "commander": "^10.0.0"
      },
      "bin": {
        "liquid": "bin/liquid.js",
        "liquidjs": "bin/liquid.js"
      },
      "engines": {
        "node": ">=16"
      }
    }
  }
}
