{
  "name": "node-multi-hop-liquidjs-template-rce",
  "version": "1.0.0",
  "lockfileVersion": 3,
  "requires": true,
  "packages": {
    "": {
      "name": "node-multi-hop-liquidjs-template-rce",
      "version": "1.0.0",
      "dependencies": {
        "liquidjs": "10.25.7"
      }
    },
    "node_modules/commander": {
      "version": "10.0.1",
      "resolved": "https://registry.npmjs.org/commander/-/commander-10.0.1.tgz",
      "integrity": "sha512-y4Mg2tXshplEbSGzx7amzPwKKOCGuoSRP/CjEdwwk0FOGlUbq6lKuoyDZTNZkmxHdJtp54hdfY/JUrdL7Xfdug==",
      "license": "MIT",
      "engines": {
        "node": ">=14"
      }
    },
    "node_modules/liquidjs": {
      "version": "10.25.7",
      "resolved": "https://registry.npmjs.org/liquidjs/-/liquidjs-10.25.7.tgz",
      "integrity": "sha512-rPCjJLiD4eDhQjvv964AeXFC+HbeYBbZrd7Z82Q6hqv1lX7G+5w4SJcKLn9CAAAwHI4aS3dTdo083UB79K3pDA==",
      "license": "MIT",
      "dependencies": {
        "commander": "^10.0.0"
      },
      "bin": {
        "liquid": "bin/liquid.js",
        "liquidjs": "bin/liquid.js"
      },
      "engines": {
        "node": ">=16"
      }
    }
  }
}
