{
  "name": "copilot-security-benchmark-node-pickem-terminal-control-injection",
  "lockfileVersion": 3,
  "requires": true,
  "packages": {
    "": {
      "name": "copilot-security-benchmark-node-pickem-terminal-control-injection",
      "dependencies": {
        "pickem": "1.0.6"
      }
    },
    "node_modules/pickem": {
      "version": "1.0.6",
      "resolved": "https://registry.npmjs.org/pickem/-/pickem-1.0.6.tgz",
      "integrity": "sha512-mcUXZekF/u2+lZ+82TMR33Cew98fqL2DIOv4g3K6/YlRSWcRXRpj7th6jiPWU+XwkR/FEH/M9AZAc8gV+eakSw==",
      "deprecated": "Security (CWE-150): terminal escape-sequence injection in item rendering — upgrade to >=1.0.7. Advisory: https://github.com/advisories/GHSA-8qx3-8gm5-9cj2",
      "license": "MIT",
      "engines": {
        "node": ">=18"
      }
    }
  }
}
