{
  "name": "node-multi-hop-repaired-vm2-sandbox",
  "version": "1.0.0",
  "lockfileVersion": 3,
  "requires": true,
  "packages": {
    "": {
      "name": "node-multi-hop-repaired-vm2-sandbox",
      "version": "1.0.0",
      "dependencies": {
        "vm2": "3.11.6"
      }
    },
    "node_modules/acorn": {
      "version": "8.16.0",
      "resolved": "https://registry.npmjs.org/acorn/-/acorn-8.16.0.tgz",
      "integrity": "sha512-UVJyE9MttOsBQIDKw1skb9nAwQuR5wuGD3+82K6JgJlm/Y+KI92oNsMNGZCYdDsVtRHSak0pcV5Dno5+4jh9sw==",
      "license": "MIT",
      "engines": {
        "node": ">=0.4.0"
      }
    },
    "node_modules/acorn-walk": {
      "version": "8.3.5",
      "resolved": "https://registry.npmjs.org/acorn-walk/-/acorn-walk-8.3.5.tgz",
      "integrity": "sha512-HEHNfbars9v4pgpW6SO1KSPkfoS0xVOM/9UzkJltjlsHZmJasxg8aXkuZa7SMf8vKGIBhpUsPluQSqhJFCqebw==",
      "license": "MIT",
      "dependencies": {
        "acorn": "^8.11.0"
      },
      "engines": {
        "node": ">=0.4.0"
      }
    },
    "node_modules/vm2": {
      "version": "3.11.6",
      "resolved": "https://registry.npmjs.org/vm2/-/vm2-3.11.6.tgz",
      "integrity": "sha512-35hVTcKieg7jJMntHhgWT5c2a1J2vmpXm66Xs1Z8ayHOJTj8rzIlXKzba3nO1Om/sonmnkjlAOMt9p8lYJXsWw==",
      "license": "MIT",
      "dependencies": {
        "acorn": "^8.15.0",
        "acorn-walk": "^8.3.4"
      },
      "engines": {
        "node": ">=6.0"
      }
    }
  }
}
