{
  "name": "node-multi-hop-patched-kysely-mysql-ddl-literal",
  "version": "1.0.0",
  "lockfileVersion": 3,
  "requires": true,
  "packages": {
    "": {
      "name": "node-multi-hop-patched-kysely-mysql-ddl-literal",
      "version": "1.0.0",
      "dependencies": {
        "kysely": "0.28.14"
      }
    },
    "node_modules/kysely": {
      "version": "0.28.14",
      "resolved": "https://registry.npmjs.org/kysely/-/kysely-0.28.14.tgz",
      "integrity": "sha512-SU3lgh0rPvq7upc6vvdVrCsSMUG1h3ChvHVOY7wJ2fw4C9QEB7X3d5eyYEyULUX7UQtxZJtZXGuT6U2US72UYA==",
      "license": "MIT",
      "engines": {
        "node": ">=20.0.0"
      }
    }
  }
}
