{
  "name": "copilot-security-benchmark-node-suneditor-embed-xss",
  "lockfileVersion": 3,
  "requires": true,
  "packages": {
    "": {
      "name": "copilot-security-benchmark-node-suneditor-embed-xss",
      "dependencies": {
        "suneditor": "3.1.3"
      }
    },
    "node_modules/suneditor": {
      "version": "3.1.3",
      "resolved": "https://registry.npmjs.org/suneditor/-/suneditor-3.1.3.tgz",
      "integrity": "sha512-OdhGXc83OlUBJtjk1rOrkVZmFgxjUcIsKf3gU8id1Wh7Jm8RHkx4vutQ4n6Nb4AXVmsr5p7ZKIB2fpag/hMXjA==",
      "license": "MIT",
      "engines": {
        "node": ">=14.0.0"
      }
    }
  }
}
