{
  "name": "node-multi-hop-jsonata-expression-rce",
  "version": "1.0.0",
  "lockfileVersion": 3,
  "requires": true,
  "packages": {
    "": {
      "name": "node-multi-hop-jsonata-expression-rce",
      "version": "1.0.0",
      "dependencies": {
        "jsonata": "2.2.0"
      }
    },
    "node_modules/jsonata": {
      "version": "2.2.0",
      "resolved": "https://registry.npmjs.org/jsonata/-/jsonata-2.2.0.tgz",
      "integrity": "sha512-rAsmwxKHDKQIQ8qJBDErhd34BpNHses6QtiEOJVzJwJSY48LRx0S/tb7cJ9EtgfoIyiVx72Lzi88+HYxwnUybw==",
      "license": "MIT",
      "engines": {
        "node": ">= 8"
      }
    }
  }
}
