{
  "name": "node-plate-media-embed-metadata-xss",
  "version": "1.0.0",
  "lockfileVersion": 3,
  "requires": true,
  "packages": {
    "": {
      "name": "node-plate-media-embed-metadata-xss",
      "version": "1.0.0",
      "dependencies": {
        "@platejs/media": "53.0.1",
        "platejs": "53.0.0",
        "react": "19.1.1",
        "react-dom": "19.1.1"
      }
    },
    "node_modules/@juggle/resize-observer": {
      "version": "3.4.0",
      "resolved": "https://registry.npmjs.org/@juggle/resize-observer/-/resize-observer-3.4.0.tgz",
      "integrity": "sha512-dfLbk+PwWvFzSxwk3n5ySL0hfBog779o8h68wK/7/APo/7cgyWp5jcXockbxdk5kFRkbeXWm4Fbi9FrdN381sA==",
      "license": "Apache-2.0"
    },
    "node_modules/@platejs/core": {
      "version": "53.3.9",
      "resolved": "https://registry.npmjs.org/@platejs/core/-/core-53.3.9.tgz",
      "integrity": "sha512-TxiA0QE+vKKCUKOkj/eiPgvFH0LJ3gPshzdyNm3rletK/LEVVPFB1rPpHjg3eiscAiZXWLl54vPrMYYvmusV1A==",
      "license": "MIT",
      "dependencies": {
        "@platejs/slate": "53.3.5",
        "@udecode/react-hotkeys": "52.0.11",
        "@udecode/react-utils": "52.3.4",
        "@udecode/utils": "52.3.4",
        "clsx": "^2.1.1",
        "html-entities": "^2.6.0",
        "is-hotkey": "^0.2.0",
        "jotai": "~2.8.4",
        "jotai-optics": "0.4.0",
        "jotai-x": "2.3.4",
        "lodash": "^4.17.21",
        "nanoid": "^5.1.5",
        "optics-ts": "2.4.1",
        "react-compiler-runtime": "^1.0.0",
        "slate": "0.126.2",
        "slate-dom": "0.126.0",
        "slate-hyperscript": "0.125.0",
        "slate-react": "0.126.0",
        "use-deep-compare": "^1.3.0",
        "zustand": "^5.0.5",
        "zustand-x": "6.2.1"
      },
      "peerDependencies": {
        "react": ">=18.0.0",
        "react-dom": ">=18.0.0"
      }
    },
    "node_modules/@platejs/media": {
      "version": "53.0.1",
      "resolved": "https://registry.npmjs.org/@platejs/media/-/media-53.0.1.tgz",
      "integrity": "sha512-0CSEPEMXfBPO26/dfXHkF1G5EZ9Ip+zOL3Uwzdhn2208LWF0ZY+RXxk/n6n+Fzl6oqFijChZVhRa2Cb0mqn0mw==",
      "license": "MIT",
      "dependencies": {
        "react-compiler-runtime": "^1.0.0"
      },
      "peerDependencies": {
        "platejs": ">=53.0.0",
        "react": ">=18.0.0",
        "react-dom": ">=18.0.0"
      }
    },
    "node_modules/@platejs/slate": {
      "version": "53.3.5",
      "resolved": "https://registry.npmjs.org/@platejs/slate/-/slate-53.3.5.tgz",
      "integrity": "sha512-nj5zksuPEcaJffRezJqwsvNi8v9qmAImZpvnUEyZbLO/EgrVcSBum78P23A6NgiRPaSvtymcJPDNsJU4JAWbPw==",
      "license": "MIT",
      "dependencies": {
        "@udecode/utils": "^52.3.4",
        "is-plain-object": "^5.0.0",
        "lodash": "^4.17.21",
        "scroll-into-view-if-needed": "^3.1.0",
        "slate": "0.126.2",
        "slate-dom": "0.126.0"
      }
    },
    "node_modules/@platejs/utils": {
      "version": "53.3.9",
      "resolved": "https://registry.npmjs.org/@platejs/utils/-/utils-53.3.9.tgz",
      "integrity": "sha512-NBnsRiKg8VcE/R0lx8EULRgUUJ4ytKVSOTBUHlUCEr2QgHhazQRuQDM7J8DKs1o9kxtlKlXd1sBYga78WxMF3A==",
      "license": "MIT",
      "dependencies": {
        "@platejs/core": "^53.3.9",
        "@platejs/slate": "^53.3.5",
        "@udecode/react-utils": "^52.3.4",
        "@udecode/utils": "^52.3.4",
        "clsx": "^2.1.1",
        "lodash": "^4.17.21",
        "react-compiler-runtime": "^1.0.0"
      },
      "peerDependencies": {
        "react": ">=18.0.0",
        "react-dom": ">=18.0.0"
      }
    },
    "node_modules/@radix-ui/react-compose-refs": {
      "version": "1.1.5",
      "resolved": "https://registry.npmjs.org/@radix-ui/react-compose-refs/-/react-compose-refs-1.1.5.tgz",
      "integrity": "sha512-+48PbAAbq3didjJxa+OaWY2ZwgAKsNiRGyeHKszblZMQ+kcpd9pAaT11cMkGEie0vsOi3QdeTE6d5Fe3Gn61kA==",
      "license": "MIT",
      "peerDependencies": {
        "@types/react": "*",
        "react": "^16.8 || ^17.0 || ^18.0 || ^19.0 || ^19.0.0-rc"
      },
      "peerDependenciesMeta": {
        "@types/react": {
          "optional": true
        }
      }
    },
    "node_modules/@radix-ui/react-slot": {
      "version": "1.3.3",
      "resolved": "https://registry.npmjs.org/@radix-ui/react-slot/-/react-slot-1.3.3.tgz",
      "integrity": "sha512-qx7oqnYbxnK9kYI9m317qmFmEgo6ywqWvbTogdj7cL9p3/yx4M48p7Rnw5z3H890cL/ow/EeWJsuTykeZVXP5Q==",
      "license": "MIT",
      "dependencies": {
        "@radix-ui/react-compose-refs": "1.1.5"
      },
      "peerDependencies": {
        "@types/react": "*",
        "react": "^16.8 || ^17.0 || ^18.0 || ^19.0 || ^19.0.0-rc"
      },
      "peerDependenciesMeta": {
        "@types/react": {
          "optional": true
        }
      }
    },
    "node_modules/@udecode/react-hotkeys": {
      "version": "52.0.11",
      "resolved": "https://registry.npmjs.org/@udecode/react-hotkeys/-/react-hotkeys-52.0.11.tgz",
      "integrity": "sha512-MwdQlfTZhrP0O+BazuNgY9g2qJSZAB05ykdVCdWmBsjv5VQvQ3R9RkXLUMGD20TqUR62iT/Phb/ca8toxiCm0w==",
      "license": "MIT",
      "dependencies": {
        "react-compiler-runtime": "^1.0.0"
      },
      "peerDependencies": {
        "react": ">=18.0.0",
        "react-dom": ">=18.0.0"
      }
    },
    "node_modules/@udecode/react-utils": {
      "version": "52.3.4",
      "resolved": "https://registry.npmjs.org/@udecode/react-utils/-/react-utils-52.3.4.tgz",
      "integrity": "sha512-qN95XzH6OlzJ9UjWVhvOuLJoDrFwhBOk2itYAmSxsfdMFxF3A+SzYes4gj05Udv2kVZsRd3eAgvn/Znd9EYmJw==",
      "license": "MIT",
      "dependencies": {
        "@radix-ui/react-slot": "^1.2.3",
        "@udecode/utils": "52.3.4",
        "clsx": "^2.1.1",
        "react-compiler-runtime": "^1.0.0"
      },
      "peerDependencies": {
        "react": ">=18.0.0",
        "react-dom": ">=18.0.0"
      }
    },
    "node_modules/@udecode/utils": {
      "version": "52.3.4",
      "resolved": "https://registry.npmjs.org/@udecode/utils/-/utils-52.3.4.tgz",
      "integrity": "sha512-I1l2FL+FacNitwSgOA3Gh/PoyP1FS7t5bmEURxClqKA2/1rtdovZ9O61qRYN9mdABTJBTyn5BxKDlwp98QvqlQ==",
      "license": "MIT"
    },
    "node_modules/clsx": {
      "version": "2.1.1",
      "resolved": "https://registry.npmjs.org/clsx/-/clsx-2.1.1.tgz",
      "integrity": "sha512-eYm0QWBtUrBWZWG0d386OGAw16Z995PiOVo2B7bjWSbHedGl5e0ZWaq65kOGgUSNesEIDkB9ISbTg/JK9dhCZA==",
      "license": "MIT",
      "engines": {
        "node": ">=6"
      }
    },
    "node_modules/compute-scroll-into-view": {
      "version": "3.1.1",
      "resolved": "https://registry.npmjs.org/compute-scroll-into-view/-/compute-scroll-into-view-3.1.1.tgz",
      "integrity": "sha512-VRhuHOLoKYOy4UbilLbUzbYg93XLjv2PncJC50EuTWPA3gaja1UjBsUP/D/9/juV3vQFr6XBEzn9KCAHdUvOHw==",
      "license": "MIT"
    },
    "node_modules/dequal": {
      "version": "2.0.3",
      "resolved": "https://registry.npmjs.org/dequal/-/dequal-2.0.3.tgz",
      "integrity": "sha512-0je+qPKHEMohvfRTCEo3CrPG6cAzAYgmzKyxRiYSSDkS6eGJdyVJm7WaYA5ECaAD9wLB2T4EEeymA5aFVcYXCA==",
      "license": "MIT",
      "engines": {
        "node": ">=6"
      }
    },
    "node_modules/direction": {
      "version": "1.0.4",
      "resolved": "https://registry.npmjs.org/direction/-/direction-1.0.4.tgz",
      "integrity": "sha512-GYqKi1aH7PJXxdhTeZBFrg8vUBeKXi+cNprXsC1kpJcbcVnV9wBsrOu1cQEdG0WeQwlfHiy3XvnKfIrJ2R0NzQ==",
      "license": "MIT",
      "bin": {
        "direction": "cli.js"
      },
      "funding": {
        "type": "github",
        "url": "https://github.com/sponsors/wooorm"
      }
    },
    "node_modules/html-entities": {
      "version": "2.6.0",
      "resolved": "https://registry.npmjs.org/html-entities/-/html-entities-2.6.0.tgz",
      "integrity": "sha512-kig+rMn/QOVRvr7c86gQ8lWXq+Hkv6CbAH1hLu+RG338StTpE8Z0b44SDVaqVu7HGKf27frdmUYEs9hTUX/cLQ==",
      "funding": [
        {
          "type": "github",
          "url": "https://github.com/sponsors/mdevils"
        },
        {
          "type": "patreon",
          "url": "https://patreon.com/mdevils"
        }
      ],
      "license": "MIT"
    },
    "node_modules/immer": {
      "version": "10.2.0",
      "resolved": "https://registry.npmjs.org/immer/-/immer-10.2.0.tgz",
      "integrity": "sha512-d/+XTN3zfODyjr89gM3mPq1WNX2B8pYsu7eORitdwyA2sBubnTl3laYlBk4sXY5FUa5qTZGBDPJICVbvqzjlbw==",
      "license": "MIT",
      "funding": {
        "type": "opencollective",
        "url": "https://opencollective.com/immer"
      }
    },
    "node_modules/is-hotkey": {
      "version": "0.2.0",
      "resolved": "https://registry.npmjs.org/is-hotkey/-/is-hotkey-0.2.0.tgz",
      "integrity": "sha512-UknnZK4RakDmTgz4PI1wIph5yxSs/mvChWs9ifnlXsKuXgWmOkY/hAE0H/k2MIqH0RlRye0i1oC07MCRSD28Mw==",
      "license": "MIT"
    },
    "node_modules/is-plain-object": {
      "version": "5.1.0",
      "resolved": "https://registry.npmjs.org/is-plain-object/-/is-plain-object-5.1.0.tgz",
      "integrity": "sha512-bUi/yjmtKYcRVUtWRGr0UA6xEFh2I6zWUwMrUXB3s7bmYCaZ8a+0ZsTRkrawh/mzlSD1Y0Ph8bp/U+TvBpWDNw==",
      "license": "MIT",
      "engines": {
        "node": ">=0.10.0"
      }
    },
    "node_modules/jotai": {
      "version": "2.8.4",
      "resolved": "https://registry.npmjs.org/jotai/-/jotai-2.8.4.tgz",
      "integrity": "sha512-f6jwjhBJcDtpeauT2xH01gnqadKEySwwt1qNBLvAXcnojkmb76EdqRt05Ym8IamfHGAQz2qMKAwftnyjeSoHAA==",
      "license": "MIT",
      "engines": {
        "node": ">=12.20.0"
      },
      "peerDependencies": {
        "@types/react": ">=17.0.0",
        "react": ">=17.0.0"
      },
      "peerDependenciesMeta": {
        "@types/react": {
          "optional": true
        },
        "react": {
          "optional": true
        }
      }
    },
    "node_modules/jotai-optics": {
      "version": "0.4.0",
      "resolved": "https://registry.npmjs.org/jotai-optics/-/jotai-optics-0.4.0.tgz",
      "integrity": "sha512-osbEt9AgS55hC4YTZDew2urXKZkaiLmLqkTS/wfW5/l0ib8bmmQ7kBXSFaosV6jDDWSp00IipITcJARFHdp42g==",
      "license": "MIT",
      "peerDependencies": {
        "jotai": ">=2.0.0",
        "optics-ts": ">=2.0.0"
      }
    },
    "node_modules/jotai-x": {
      "version": "2.3.4",
      "resolved": "https://registry.npmjs.org/jotai-x/-/jotai-x-2.3.4.tgz",
      "integrity": "sha512-FirSJ2ZwJtWXpg1EP5iTZdXZE4ilXUvHnMR6DqvSfUuDADl2LNEvFBjdenyxmUdE5Fqru6qLrArw2MMRAFFIdA==",
      "license": "MIT",
      "peerDependencies": {
        "@types/react": ">=17.0.0",
        "jotai": ">=2.0.0",
        "react": ">=17.0.0"
      },
      "peerDependenciesMeta": {
        "@types/react": {
          "optional": true
        },
        "react": {
          "optional": true
        }
      }
    },
    "node_modules/lodash": {
      "version": "4.18.1",
      "resolved": "https://registry.npmjs.org/lodash/-/lodash-4.18.1.tgz",
      "integrity": "sha512-dMInicTPVE8d1e5otfwmmjlxkZoUpiVLwyeTdUsi/Caj/gfzzblBcCE5sRHV/AsjuCmxWrte2TNGSYuCeCq+0Q==",
      "license": "MIT"
    },
    "node_modules/lodash.mapvalues": {
      "version": "4.6.0",
      "resolved": "https://registry.npmjs.org/lodash.mapvalues/-/lodash.mapvalues-4.6.0.tgz",
      "integrity": "sha512-JPFqXFeZQ7BfS00H58kClY7SPVeHertPE0lNuCyZ26/XlN8TvakYD7b9bGyNmXbT/D3BbtPAAmq90gPWqLkxlQ==",
      "license": "MIT"
    },
    "node_modules/mutative": {
      "version": "1.1.0",
      "resolved": "https://registry.npmjs.org/mutative/-/mutative-1.1.0.tgz",
      "integrity": "sha512-2PJADREjOusk3iJkD3rXV2YjAxTuaLxdfqtqTEt6vcY07LtEBR1seHuBHXWEIuscqRDGvbauYPs+A4Rj/KTczQ==",
      "license": "MIT",
      "engines": {
        "node": ">=14.0"
      }
    },
    "node_modules/nanoid": {
      "version": "5.1.16",
      "resolved": "https://registry.npmjs.org/nanoid/-/nanoid-5.1.16.tgz",
      "integrity": "sha512-kVrnsrJqMR8+oLJnGEmSWw9BivK5mt7H3FZatVRjrc5wGqFYuBxX1yG7+A7Gi5AefkX6t/oCkizcQgpu0cY1dQ==",
      "funding": [
        {
          "type": "github",
          "url": "https://github.com/sponsors/ai"
        }
      ],
      "license": "MIT",
      "bin": {
        "nanoid": "bin/nanoid.js"
      },
      "engines": {
        "node": "^18 || >=20"
      }
    },
    "node_modules/optics-ts": {
      "version": "2.4.1",
      "resolved": "https://registry.npmjs.org/optics-ts/-/optics-ts-2.4.1.tgz",
      "integrity": "sha512-HaYzMHvC80r7U/LqAd4hQyopDezC60PO2qF5GuIwALut2cl5rK1VWHsqTp0oqoJJWjiv6uXKqsO+Q2OO0C3MmQ==",
      "license": "MIT"
    },
    "node_modules/platejs": {
      "version": "53.0.0",
      "resolved": "https://registry.npmjs.org/platejs/-/platejs-53.0.0.tgz",
      "integrity": "sha512-3Ln5g46BQXW7ESXNelSxA/uNl6JoI6pzNd079HwSem8rkhuvvLkJNTk0IRpZ/zl9e3MyjgLCOGpt2Rco2Am8hg==",
      "license": "MIT",
      "dependencies": {
        "@platejs/core": "^53.0.0",
        "@platejs/slate": "^53.0.0",
        "@platejs/utils": "^53.0.0",
        "@udecode/react-hotkeys": "^52.0.11",
        "@udecode/react-utils": "^52.3.4",
        "@udecode/utils": "^52.3.4",
        "react-compiler-runtime": "^1.0.0"
      },
      "peerDependencies": {
        "react": ">=18.0.0",
        "react-dom": ">=18.0.0"
      }
    },
    "node_modules/proxy-compare": {
      "version": "2.6.0",
      "resolved": "https://registry.npmjs.org/proxy-compare/-/proxy-compare-2.6.0.tgz",
      "integrity": "sha512-8xuCeM3l8yqdmbPoYeLbrAXCBWu19XEYc5/F28f5qOaoAIMyfmBUkl5axiK+x9olUvRlcekvnm98AP9RDngOIw==",
      "license": "MIT"
    },
    "node_modules/react": {
      "version": "19.1.1",
      "resolved": "https://registry.npmjs.org/react/-/react-19.1.1.tgz",
      "integrity": "sha512-w8nqGImo45dmMIfljjMwOGtbmC/mk4CMYhWIicdSflH91J9TyCyczcPFXJzrZ/ZXcgGRFeP6BU0BEJTw6tZdfQ==",
      "license": "MIT",
      "engines": {
        "node": ">=0.10.0"
      }
    },
    "node_modules/react-compiler-runtime": {
      "version": "1.0.0",
      "resolved": "https://registry.npmjs.org/react-compiler-runtime/-/react-compiler-runtime-1.0.0.tgz",
      "integrity": "sha512-rRfjYv66HlG8896yPUDONgKzG5BxZD1nV9U6rkm+7VCuvQc903C4MjcoZR4zPw53IKSOX9wMQVpA1IAbRtzQ7w==",
      "license": "MIT",
      "peerDependencies": {
        "react": "^17.0.0 || ^18.0.0 || ^19.0.0 || ^0.0.0-experimental"
      }
    },
    "node_modules/react-dom": {
      "version": "19.1.1",
      "resolved": "https://registry.npmjs.org/react-dom/-/react-dom-19.1.1.tgz",
      "integrity": "sha512-Dlq/5LAZgF0Gaz6yiqZCf6VCcZs1ghAJyrsu84Q/GT0gV+mCxbfmKNoGRKBYMJ8IEdGPqu49YWXD02GCknEDkw==",
      "license": "MIT",
      "dependencies": {
        "scheduler": "^0.26.0"
      },
      "peerDependencies": {
        "react": "^19.1.1"
      }
    },
    "node_modules/scheduler": {
      "version": "0.26.0",
      "resolved": "https://registry.npmjs.org/scheduler/-/scheduler-0.26.0.tgz",
      "integrity": "sha512-NlHwttCI/l5gCPR3D1nNXtWABUmBwvZpEQiD4IXSbIDq8BzLIK/7Ir5gTFSGZDUu37K5cMNp0hFtzO38sC7gWA==",
      "license": "MIT"
    },
    "node_modules/scroll-into-view-if-needed": {
      "version": "3.1.0",
      "resolved": "https://registry.npmjs.org/scroll-into-view-if-needed/-/scroll-into-view-if-needed-3.1.0.tgz",
      "integrity": "sha512-49oNpRjWRvnU8NyGVmUaYG4jtTkNonFZI86MmGRDqBphEK2EXT9gdEUoQPZhuBM8yWHxCWbobltqYO5M4XrUvQ==",
      "license": "MIT",
      "dependencies": {
        "compute-scroll-into-view": "^3.0.2"
      }
    },
    "node_modules/slate": {
      "version": "0.126.2",
      "resolved": "https://registry.npmjs.org/slate/-/slate-0.126.2.tgz",
      "integrity": "sha512-38C8GU9awiEbroZm+DzXEFUWKptb1QV9xcgcUjseas4PtqQdBnEPITocosYzFHXEVrlkafjZEv8KH8pjhe0esQ==",
      "license": "MIT"
    },
    "node_modules/slate-dom": {
      "version": "0.126.0",
      "resolved": "https://registry.npmjs.org/slate-dom/-/slate-dom-0.126.0.tgz",
      "integrity": "sha512-FdRlaKh0xksnymiRiv8/8c6dYhybwTg1QJIjmvEyeOUKHfdJI55YA4gGKv4vQj4ZKklau2aHY6uX/npJu5jYMA==",
      "license": "MIT",
      "dependencies": {
        "@juggle/resize-observer": "^3.4.0",
        "direction": "^1.0.4",
        "is-hotkey": "^0.2.0",
        "is-plain-object": "^5.0.0",
        "lodash": "^4.17.21",
        "scroll-into-view-if-needed": "^3.1.0",
        "tiny-invariant": "1.3.1"
      },
      "peerDependencies": {
        "slate": ">=0.121.0"
      }
    },
    "node_modules/slate-hyperscript": {
      "version": "0.125.0",
      "resolved": "https://registry.npmjs.org/slate-hyperscript/-/slate-hyperscript-0.125.0.tgz",
      "integrity": "sha512-tH6AYvTrTnSdUo+L5cUvqcHRzQ3muEkcSEN7APM9NtEdWk9L7lqEbmpyeKfv7oyzCUW2WbR/lPhlnOSu8/jUcA==",
      "license": "MIT",
      "peerDependencies": {
        "slate": ">=0.114.3"
      }
    },
    "node_modules/slate-react": {
      "version": "0.126.0",
      "resolved": "https://registry.npmjs.org/slate-react/-/slate-react-0.126.0.tgz",
      "integrity": "sha512-pQEu2X25mj539jWK/GpwNEdfE/gwqRccDwQaf4UeoABX3+cLaDls8CIyT8lASGRHyphqkgGW7pUxWOCBGC2hqA==",
      "license": "MIT",
      "dependencies": {
        "@juggle/resize-observer": "^3.4.0",
        "direction": "^1.0.4",
        "is-hotkey": "^0.2.0",
        "lodash": "^4.17.21",
        "scroll-into-view-if-needed": "^3.1.0",
        "tiny-invariant": "1.3.1"
      },
      "peerDependencies": {
        "react": ">=18.2.0",
        "react-dom": ">=18.2.0",
        "slate": ">=0.121.0",
        "slate-dom": ">=0.119.1"
      }
    },
    "node_modules/tiny-invariant": {
      "version": "1.3.1",
      "resolved": "https://registry.npmjs.org/tiny-invariant/-/tiny-invariant-1.3.1.tgz",
      "integrity": "sha512-AD5ih2NlSssTCwsMznbvwMZpJ1cbhkGd2uueNxzv2jDlEeZdU04JQfRnggJQ8DrcVBGjAsCKwFBbDlVNtEMlzw==",
      "license": "MIT"
    },
    "node_modules/use-deep-compare": {
      "version": "1.3.0",
      "resolved": "https://registry.npmjs.org/use-deep-compare/-/use-deep-compare-1.3.0.tgz",
      "integrity": "sha512-94iG+dEdEP/Sl3WWde+w9StIunlV8Dgj+vkt5wTwMoFQLaijiEZSXXy8KtcStpmEDtIptRJiNeD4ACTtVvnIKA==",
      "license": "MIT",
      "dependencies": {
        "dequal": "2.0.3"
      },
      "peerDependencies": {
        "react": ">=16.8.0"
      }
    },
    "node_modules/use-sync-external-store": {
      "version": "1.4.0",
      "resolved": "https://registry.npmjs.org/use-sync-external-store/-/use-sync-external-store-1.4.0.tgz",
      "integrity": "sha512-9WXSPC5fMv61vaupRkCKCxsPxBocVnwakBEkMIHHpkTTg6icbJtg6jzgtLDm4bl3cSHAca52rYWih0k4K3PfHw==",
      "license": "MIT",
      "peerDependencies": {
        "react": "^16.8.0 || ^17.0.0 || ^18.0.0 || ^19.0.0"
      }
    },
    "node_modules/zustand": {
      "version": "5.0.15",
      "resolved": "https://registry.npmjs.org/zustand/-/zustand-5.0.15.tgz",
      "integrity": "sha512-MpSEjRiBkA9crSYeOUH32rJC7SVqAbm0Fqcqge/bUi2PPoLcBWKOsG+C8mevmpr8TwXHBVkChbbJiyvkE+i/3A==",
      "license": "MIT",
      "engines": {
        "node": ">=12.20.0"
      },
      "peerDependencies": {
        "@types/react": ">=18.0.0",
        "immer": ">=9.0.6",
        "react": ">=18.0.0",
        "use-sync-external-store": ">=1.2.0"
      },
      "peerDependenciesMeta": {
        "@types/react": {
          "optional": true
        },
        "immer": {
          "optional": true
        },
        "react": {
          "optional": true
        },
        "use-sync-external-store": {
          "optional": true
        }
      }
    },
    "node_modules/zustand-x": {
      "version": "6.2.1",
      "resolved": "https://registry.npmjs.org/zustand-x/-/zustand-x-6.2.1.tgz",
      "integrity": "sha512-y3nQMQNx3BORY95vpuodJvh/8AqQu++S3q6mJYBSo1J0Q168Sy+FatqER658YESDqv2bwviXcIT3bgl/Ip6M5g==",
      "license": "MIT",
      "dependencies": {
        "immer": "^10.0.3",
        "lodash.mapvalues": "^4.6.0",
        "mutative": "1.1.0",
        "react-tracked": "^1.7.11",
        "use-sync-external-store": "1.4.0"
      },
      "peerDependencies": {
        "zustand": ">=5.0.2"
      }
    },
    "node_modules/zustand-x/node_modules/react-tracked": {
      "version": "1.7.14",
      "resolved": "https://registry.npmjs.org/react-tracked/-/react-tracked-1.7.14.tgz",
      "integrity": "sha512-6UMlgQeRAGA+uyYzuQGm7kZB6ZQYFhc7sntgP7Oxwwd6M0Ud/POyb4K3QWT1eXvoifSa80nrAWnXWFGpOvbwkw==",
      "license": "MIT",
      "dependencies": {
        "proxy-compare": "2.6.0",
        "use-context-selector": "1.4.4"
      },
      "peerDependencies": {
        "react": ">=16.8.0",
        "react-dom": "*",
        "react-native": "*",
        "scheduler": ">=0.19.0"
      },
      "peerDependenciesMeta": {
        "react-dom": {
          "optional": true
        },
        "react-native": {
          "optional": true
        }
      }
    },
    "node_modules/zustand-x/node_modules/use-context-selector": {
      "version": "1.4.4",
      "resolved": "https://registry.npmjs.org/use-context-selector/-/use-context-selector-1.4.4.tgz",
      "integrity": "sha512-pS790zwGxxe59GoBha3QYOwk8AFGp4DN6DOtH+eoqVmgBBRXVx4IlPDhJmmMiNQAgUaLlP+58aqRC3A4rdaSjg==",
      "license": "MIT",
      "peerDependencies": {
        "react": ">=16.8.0",
        "react-dom": "*",
        "react-native": "*",
        "scheduler": ">=0.19.0"
      },
      "peerDependenciesMeta": {
        "react-dom": {
          "optional": true
        },
        "react-native": {
          "optional": true
        }
      }
    }
  }
}
