{
  "name": "node-multi-hop-kysely-mysql-ddl-sql-injection",
  "version": "1.0.0",
  "lockfileVersion": 3,
  "requires": true,
  "packages": {
    "": {
      "name": "node-multi-hop-kysely-mysql-ddl-sql-injection",
      "version": "1.0.0",
      "dependencies": {
        "kysely": "0.28.13"
      }
    },
    "node_modules/kysely": {
      "version": "0.28.13",
      "resolved": "https://registry.npmjs.org/kysely/-/kysely-0.28.13.tgz",
      "integrity": "sha512-jCkYDvlfzOyHaVsrvR4vnNZxG30oNv2jbbFBjTQAUG8n0h07HW0sZJHk4KAQIRyu9ay+Rg+L8qGa3lwt8Gve9w==",
      "license": "MIT",
      "engines": {
        "node": ">=20.0.0"
      }
    }
  }
}
