{
  "name": "node-multi-hop-rhinostone-swig-template-traversal",
  "version": "1.0.0",
  "lockfileVersion": 3,
  "requires": true,
  "packages": {
    "": {
      "name": "node-multi-hop-rhinostone-swig-template-traversal",
      "version": "1.0.0",
      "dependencies": {
        "@rhinostone/swig": "2.7.0"
      }
    },
    "node_modules/@rhinostone/swig": {
      "version": "2.7.0",
      "resolved": "https://registry.npmjs.org/@rhinostone/swig/-/swig-2.7.0.tgz",
      "integrity": "sha512-OpGbc2Hr1rcG9mSMmqVxqcVLYVSs7RuzLthd6Y5KYYPfDyLoh/CT3GUxCXvos5Imel9+ns9y1vszuurLnXHelA==",
      "license": "MIT",
      "workspaces": [
        "packages/*"
      ],
      "dependencies": {
        "@rhinostone/swig-core": "2.7.0"
      },
      "bin": {
        "swig": "bin/swig.js"
      },
      "engines": {
        "node": ">=12"
      }
    },
    "node_modules/@rhinostone/swig-core": {
      "version": "2.7.0",
      "resolved": "https://registry.npmjs.org/@rhinostone/swig-core/-/swig-core-2.7.0.tgz",
      "integrity": "sha512-SOlpW7uqoY/asjw/TfXiwDE2MlFk7HPuwVyoJi7g0OzOZ8bbcjaCo7EBqaCxsLLcvPvt5H3Vs+7nKwSF6lXscQ==",
      "license": "MIT",
      "engines": {
        "node": ">=12"
      }
    }
  }
}
