{
  "name": "node-multi-hop-nanoid-size-dos",
  "lockfileVersion": 3,
  "requires": true,
  "packages": {
    "": {
      "name": "node-multi-hop-nanoid-size-dos",
      "dependencies": {
        "nanoid": "5.1.15"
      }
    },
    "node_modules/nanoid": {
      "version": "5.1.15",
      "resolved": "https://registry.npmjs.org/nanoid/-/nanoid-5.1.15.tgz",
      "integrity": "sha512-kBg3RpGtIe+RpTbyXwoI6pk5yD7KUiI3sygUqgeBMRst42KmhB4RZC7eiO9Wa1HIpaCCtpE2DJ6OI4Wi5ebwFw==",
      "funding": [
        {
          "type": "github",
          "url": "https://github.com/sponsors/ai"
        }
      ],
      "license": "MIT",
      "bin": {
        "nanoid": "bin/nanoid.js"
      },
      "engines": {
        "node": "^18 || >=20"
      }
    }
  }
}
